
Microsoft Visual Studio Solution File, Format Version 12.00
# Visual Studio Version 17
VisualStudioVersion = 17.0.31612.314
MinimumVisualStudioVersion = 10.0.40219.1
Project("{FAE04EC0-301F-11D3-BF4B-00C04F79EFBC}") = "Checklists", "Checklists\Checklists.csproj", "{8CD554E2-3F61-4458-A43E-1A5DE91B35DC}"
EndProject
Global
	GlobalSection(SolutionConfigurationPlatforms) = preSolution
		Debug|Any CPU = Debug|Any CPU
		Release|Any CPU = Release|Any CPU
	EndGlobalSection
	GlobalSection(ProjectConfigurationPlatforms) = postSolution
		{8CD554E2-3F61-4458-A43E-1A5DE91B35DC}.Debug|Any CPU.ActiveCfg = Debug|Any CPU
		{8CD554E2-3F61-4458-A43E-1A5DE91B35DC}.Debug|Any CPU.Build.0 = Debug|Any CPU
		{8CD554E2-3F61-4458-A43E-1A5DE91B35DC}.Release|Any CPU.ActiveCfg = Release|Any CPU
		{8CD554E2-3F61-4458-A43E-1A5DE91B35DC}.Release|Any CPU.Build.0 = Release|Any CPU
	EndGlobalSection
	GlobalSection(SolutionProperties) = preSolution
		HideSolutionNode = FALSE
	EndGlobalSection
	GlobalSection(ExtensibilityGlobals) = postSolution
		SolutionGuid = {9B601256-C153-400B-A222-D7F892CA6AEB}
	EndGlobalSection
EndGlobal
